
Microsoft Visual Studio Solution File, Format Version 12.00
# Visual Studio 15
VisualStudioVersion = 15.0.28307.168
MinimumVisualStudioVersion = 10.0.40219.1
Project("{FAE04EC0-301F-11D3-BF4B-00C04F79EFBC}") = "NotificationFunctions", "NotificationFunctions\NotificationFunctions.csproj", "{D0CD21F4-52D1-462D-A43A-41FB9E5A1F31}"
EndProject
Project("{FAE04EC0-301F-11D3-BF4B-00C04F79EFBC}") = "GenerateAppointmentReminderFunc", "GenerateAppointmentReminderFunc\GenerateAppointmentReminderFunc.csproj", "{132BF201-DFD4-4230-AA50-ABAD7ACA7507}"
EndProject
Project("{FAE04EC0-301F-11D3-BF4B-00C04F79EFBC}") = "ProcessAppointmentReminderFunc", "ProcessAppointmentReminderFunc\ProcessAppointmentReminderFunc.csproj", "{FEECFFED-3ADF-4608-B056-AAB200BA8E51}"
EndProject
Project("{FAE04EC0-301F-11D3-BF4B-00C04F79EFBC}") = "SendAppointmentReminderFunc", "SendAppointmentReminderFunc\SendAppointmentReminderFunc.csproj", "{EF03F782-F338-45EA-9597-5AAC89CD319F}"
EndProject
Project("{FAE04EC0-301F-11D3-BF4B-00C04F79EFBC}") = "Shared", "Shared\Shared.csproj", "{CB3928D6-E135-4121-AA92-CFB2702AB833}"
EndProject
Global
	GlobalSection(SolutionConfigurationPlatforms) = preSolution
		Debug|Any CPU = Debug|Any CPU
		Release|Any CPU = Release|Any CPU
	EndGlobalSection
	GlobalSection(ProjectConfigurationPlatforms) = postSolution
		{D0CD21F4-52D1-462D-A43A-41FB9E5A1F31}.Debug|Any CPU.ActiveCfg = Debug|Any CPU
		{D0CD21F4-52D1-462D-A43A-41FB9E5A1F31}.Debug|Any CPU.Build.0 = Debug|Any CPU
		{D0CD21F4-52D1-462D-A43A-41FB9E5A1F31}.Release|Any CPU.ActiveCfg = Release|Any CPU
		{D0CD21F4-52D1-462D-A43A-41FB9E5A1F31}.Release|Any CPU.Build.0 = Release|Any CPU
		{132BF201-DFD4-4230-AA50-ABAD7ACA7507}.Debug|Any CPU.ActiveCfg = Debug|Any CPU
		{132BF201-DFD4-4230-AA50-ABAD7ACA7507}.Debug|Any CPU.Build.0 = Debug|Any CPU
		{132BF201-DFD4-4230-AA50-ABAD7ACA7507}.Release|Any CPU.ActiveCfg = Release|Any CPU
		{132BF201-DFD4-4230-AA50-ABAD7ACA7507}.Release|Any CPU.Build.0 = Release|Any CPU
		{FEECFFED-3ADF-4608-B056-AAB200BA8E51}.Debug|Any CPU.ActiveCfg = Debug|Any CPU
		{FEECFFED-3ADF-4608-B056-AAB200BA8E51}.Debug|Any CPU.Build.0 = Debug|Any CPU
		{FEECFFED-3ADF-4608-B056-AAB200BA8E51}.Release|Any CPU.ActiveCfg = Release|Any CPU
		{FEECFFED-3ADF-4608-B056-AAB200BA8E51}.Release|Any CPU.Build.0 = Release|Any CPU
		{EF03F782-F338-45EA-9597-5AAC89CD319F}.Debug|Any CPU.ActiveCfg = Debug|Any CPU
		{EF03F782-F338-45EA-9597-5AAC89CD319F}.Debug|Any CPU.Build.0 = Debug|Any CPU
		{EF03F782-F338-45EA-9597-5AAC89CD319F}.Release|Any CPU.ActiveCfg = Release|Any CPU
		{EF03F782-F338-45EA-9597-5AAC89CD319F}.Release|Any CPU.Build.0 = Release|Any CPU
		{CB3928D6-E135-4121-AA92-CFB2702AB833}.Debug|Any CPU.ActiveCfg = Debug|Any CPU
		{CB3928D6-E135-4121-AA92-CFB2702AB833}.Debug|Any CPU.Build.0 = Debug|Any CPU
		{CB3928D6-E135-4121-AA92-CFB2702AB833}.Release|Any CPU.ActiveCfg = Release|Any CPU
		{CB3928D6-E135-4121-AA92-CFB2702AB833}.Release|Any CPU.Build.0 = Release|Any CPU
	EndGlobalSection
	GlobalSection(SolutionProperties) = preSolution
		HideSolutionNode = FALSE
	EndGlobalSection
	GlobalSection(ExtensibilityGlobals) = postSolution
		SolutionGuid = {321813DB-27AA-42B8-BA72-3FAE05C1A004}
	EndGlobalSection
EndGlobal
